Microsoft Visual Studio Solution File, Format Version 12.00
# Visual Studio Version 17
VisualStudioVersion = 17.5.2.0
MinimumVisualStudioVersion = 10.0.40219.1
Project("{FAE04EC0-301F-11D3-BF4B-00C04F79EFBC}") = "Courses", "Courses.csproj", "{63DA9A95-EA37-213F-3103-03D5A8FBE101}"
EndProject
Global
	GlobalSection(SolutionConfigurationPlatforms) = preSolution
		Debug|Any CPU = Debug|Any CPU
		Release|Any CPU = Release|Any CPU
	EndGlobalSection
	GlobalSection(ProjectConfigurationPlatforms) = postSolution
		{63DA9A95-EA37-213F-3103-03D5A8FBE101}.Debug|Any CPU.ActiveCfg = Debug|Any CPU
		{63DA9A95-EA37-213F-3103-03D5A8FBE101}.Debug|Any CPU.Build.0 = Debug|Any CPU
		{63DA9A95-EA37-213F-3103-03D5A8FBE101}.Release|Any CPU.ActiveCfg = Release|Any CPU
		{63DA9A95-EA37-213F-3103-03D5A8FBE101}.Release|Any CPU.Build.0 = Release|Any CPU
	EndGlobalSection
	GlobalSection(SolutionProperties) = preSolution
		HideSolutionNode = FALSE
	EndGlobalSection
	GlobalSection(ExtensibilityGlobals) = postSolution
		SolutionGuid = {91BFB937-B760-4AF6-A281-1D07D0E676AE}
	EndGlobalSection
EndGlobal
